// !$*UTF8*$!
{
	archiveVersion = 1;
	classes = {
	};
	objectVersion = 46;
	objects = {

/* Begin PBXBuildFile section */
		76CDC0071CB3F41900360A60 /* AppDelegate.swift in Sources */ = {isa = PBXBuildFile; fileRef = 76CDC0061CB3F41900360A60 /* AppDelegate.swift */; };
		76CDC0091CB3F41900360A60 /* ViewController.swift in Sources */ = {isa = PBXBuildFile; fileRef = 76CDC0081CB3F41900360A60 /* ViewController.swift */; };
		76CDC00C1CB3F41900360A60 /* Main.storyboard in Resources */ = {isa = PBXBuildFile; fileRef = 76CDC00A1CB3F41900360A60 /* Main.storyboard */; };
		76CDC00E1CB3F41900360A60 /* Assets.xcassets in Resources */ = {isa = PBXBuildFile; fileRef = 76CDC00D1CB3F41900360A60 /* Assets.xcassets */; };
		76CDC0111CB3F41900360A60 /* LaunchScreen.storyboard in Resources */ = {isa = PBXBuildFile; fileRef = 76CDC00F1CB3F41900360A60 /* LaunchScreen.storyboard */; };
		76CDC0221CB3F7B900360A60 /* TableViewCell.swift in Sources */ = {isa = PBXBuildFile; fileRef = 76CDC0211CB3F7B900360A60 /* TableViewCell.swift */; };
		76CDC0261CB3F85400360A60 /* Movie.swift in Sources */ = {isa = PBXBuildFile; fileRef = 76CDC0251CB3F85400360A60 /* Movie.swift */; };
/* End PBXBuildFile section */

/* Begin PBXFileReference section */
		76CDC0031CB3F41900360A60 /* Project 5.app */ = {isa = PBXFileReference; explicitFileType = wrapper.application; includeInIndex = 0; path = "Project 5.app"; sourceTree = BUILT_PRODUCTS_DIR; };
		76CDC0061CB3F41900360A60 /* AppDelegate.swift */ = {isa = PBXFileReference; lastKnownFileType = sourcecode.swift; path = AppDelegate.swift; sourceTree = "<group>"; };
		76CDC0081CB3F41900360A60 /* ViewController.swift */ = {isa = PBXFileReference; lastKnownFileType = sourcecode.swift; path = ViewController.swift; sourceTree = "<group>"; };
		76CDC00B1CB3F41900360A60 /* Base */ = {isa = PBXFileReference; lastKnownFileType = file.storyboard; name = Base; path = Base.lproj/Main.storyboard; sourceTree = "<group>"; };
		76CDC00D1CB3F41900360A60 /* Assets.xcassets */ = {isa = PBXFileReference; lastKnownFileType = folder.assetcatalog; path = Assets.xcassets; sourceTree = "<group>"; };
		76CDC0101CB3F41900360A60 /* Base */ = {isa = PBXFileReference; lastKnownFileType = file.storyboard; name = Base; path = Base.lproj/LaunchScreen.storyboard; sourceTree = "<group>"; };
		76CDC0121CB3F41900360A60 /* Info.plist */ = {isa = PBXFileReference; lastKnownFileType = text.plist.xml; path = Info.plist; sourceTree = "<group>"; };
		76CDC0211CB3F7B900360A60 /* TableViewCell.swift */ = {isa = PBXFileReference; fileEncoding = 4; lastKnownFileType = sourcecode.swift; path = TableViewCell.swift; sourceTree = "<group>"; };
		76CDC0251CB3F85400360A60 /* Movie.swift */ = {isa = PBXFileReference; fileEncoding = 4; lastKnownFileType = sourcecode.swift; name = Movie.swift; path = ../Movie.swift; sourceTree = "<group>"; };
/* End PBXFileReference section */

/* Begin PBXFrameworksBuildPhase section */
		76CDC0001CB3F41900360A60 /* Frameworks */ = {
			isa = PBXFrameworksBuildPhase;
			buildActionMask = 2147483647;
			files = (
			);
			runOnlyForDeploymentPostprocessing = 0;
		};
/* End PBXFrameworksBuildPhase section */

/* Begin PBXGroup section */
		76CDBFFA1CB3F41900360A60 = {
			isa = PBXGroup;
			children = (
				76CDC0051CB3F41900360A60 /* Project 5 */,
				76CDC0041CB3F41900360A60 /* Products */,
			);
			sourceTree = "<group>";
		};
		76CDC0041CB3F41900360A60 /* Products */ = {
			isa = PBXGroup;
			children = (
				76CDC0031CB3F41900360A60 /* Project 5.app */,
			);
			name = Products;
			sourceTree = "<group>";
		};
		76CDC0051CB3F41900360A60 /* Project 5 */ = {
			isa = PBXGroup;
			children = (
				76CDC0181CB3F41E00360A60 /* Model */,
				76CDC0191CB3F42300360A60 /* View */,
				76CDC01A1CB3F42A00360A60 /* Controller */,
				76CDC0061CB3F41900360A60 /* AppDelegate.swift */,
				76CDC0251CB3F85400360A60 /* Movie.swift */,
				76CDC0211CB3F7B900360A60 /* TableViewCell.swift */,
				76CDC00A1CB3F41900360A60 /* Main.storyboard */,
				76CDC0081CB3F41900360A60 /* ViewController.swift */,
				76CDC00D1CB3F41900360A60 /* Assets.xcassets */,
				76CDC00F1CB3F41900360A60 /* LaunchScreen.storyboard */,
				76CDC0121CB3F41900360A60 /* Info.plist */,
			);
			path = "Project 5";
			sourceTree = "<group>";
		};
		76CDC0181CB3F41E00360A60 /* Model */ = {
			isa = PBXGroup;
			children = (
			);
			name = Model;
			sourceTree = "<group>";
		};
		76CDC0191CB3F42300360A60 /* View */ = {
			isa = PBXGroup;
			children = (
			);
			name = View;
			sourceTree = "<group>";
		};
		76CDC01A1CB3F42A00360A60 /* Controller */ = {
			isa = PBXGroup;
			children = (
			);
			name = Controller;
			sourceTree = "<group>";
		};
/* End PBXGroup section */

/* Begin PBXNativeTarget section */
		76CDC0021CB3F41900360A60 /* Project 5 */ = {
			isa = PBXNativeTarget;
			buildConfigurationList = 76CDC0151CB3F41900360A60 /* Build configuration list for PBXNativeTarget "Project 5" */;
			buildPhases = (
				76CDBFFF1CB3F41900360A60 /* Sources */,
				76CDC0001CB3F41900360A60 /* Frameworks */,
				76CDC0011CB3F41900360A60 /* Resources */,
			);
			buildRules = (
			);
			dependencies = (
			);
			name = "Project 5";
			productName = "Project 5";
			productReference = 76CDC0031CB3F41900360A60 /* Project 5.app */;
			productType = "com.apple.product-type.application";
		};
/* End PBXNativeTarget section */

/* Begin PBXProject section */
		76CDBFFB1CB3F41900360A60 /* Project object */ = {
			isa = PBXProject;
			attributes = {
				LastSwiftUpdateCheck = 0730;
				LastUpgradeCheck = 0730;
				ORGANIZATIONNAME = "Ryan Beckett";
				TargetAttributes = {
					76CDC0021CB3F41900360A60 = {
						CreatedOnToolsVersion = 7.3;
					};
				};
			};
			buildConfigurationList = 76CDBFFE1CB3F41900360A60 /* Build configuration list for PBXProject "Project 5" */;
			compatibilityVersion = "Xcode 3.2";
			developmentRegion = English;
			hasScannedForEncodings = 0;
			knownRegions = (
				en,
				Base,
			);
			mainGroup = 76CDBFFA1CB3F41900360A60;
			productRefGroup = 76CDC0041CB3F41900360A60 /* Products */;
			projectDirPath = "";
			projectRoot = "";
			targets = (
				76CDC0021CB3F41900360A60 /* Project 5 */,
			);
		};
/* End PBXProject section */

/* Begin PBXResourcesBuildPhase section */
		76CDC0011CB3F41900360A60 /* Resources */ = {
			isa = PBXResourcesBuildPhase;
			buildActionMask = 2147483647;
			files = (
				76CDC0111CB3F41900360A60 /* LaunchScreen.storyboard in Resources */,
				76CDC00E1CB3F41900360A60 /* Assets.xcassets in Resources */,
				76CDC00C1CB3F41900360A60 /* Main.storyboard in Resources */,
			);
			runOnlyForDeploymentPostprocessing = 0;
		};
/* End PBXResourcesBuildPhase section */

/* Begin PBXSourcesBuildPhase section */
		76CDBFFF1CB3F41900360A60 /* Sources */ = {
			isa = PBXSourcesBuildPhase;
			buildActionMask = 2147483647;
			files = (
				76CDC0221CB3F7B900360A60 /* TableViewCell.swift in Sources */,
				76CDC0091CB3F41900360A60 /* ViewController.swift in Sources */,
				76CDC0261CB3F85400360A60 /* Movie.swift in Sources */,
				76CDC0071CB3F41900360A60 /* AppDelegate.swift in Sources */,
			);
			runOnlyForDeploymentPostprocessing = 0;
		};
/* End PBXSourcesBuildPhase section */

/* Begin PBXVariantGroup section */
		76CDC00A1CB3F41900360A60 /* Main.storyboard */ = {
			isa = PBXVariantGroup;
			children = (
				76CDC00B1CB3F41900360A60 /* Base */,
			);
			name = Main.storyboard;
			sourceTree = "<group>";
		};
		76CDC00F1CB3F41900360A60 /* LaunchScreen.storyboard */ = {
			isa = PBXVariantGroup;
			children = (
				76CDC0101CB3F41900360A60 /* Base */,
			);
			name = LaunchScreen.storyboard;
			sourceTree = "<group>";
		};
/* End PBXVariantGroup section */

/* Begin XCBuildConfiguration section */
		76CDC0131CB3F41900360A60 /* Debug */ = {
			isa = XCBuildConfiguration;
			buildSettings = {
				ALWAYS_SEARCH_USER_PATHS = NO;
				CLANG_ANALYZER_NONNULL = YES;
				CLANG_CXX_LANGUAGE_STANDARD = "gnu++0x";
				CLANG_CXX_LIBRARY = "libc++";
				CLANG_ENABLE_MODULES = YES;
				CLANG_ENABLE_OBJC_ARC = YES;
				CLANG_WARN_BOOL_CONVERSION = YES;
				CLANG_WARN_CONSTANT_CONVERSION = YES;
				CLANG_WARN_DIRECT_OBJC_ISA_USAGE = YES_ERROR;
				CLANG_WARN_EMPTY_BODY = YES;
				CLANG_WARN_ENUM_CONVERSION = YES;
				CLANG_WARN_INT_CONVERSION = YES;
				CLANG_WARN_OBJC_ROOT_CLASS = YES_ERROR;
				CLANG_WARN_UNREACHABLE_CODE = YES;
				CLANG_WARN__DUPLICATE_METHOD_MATCH = YES;
				"CODE_SIGN_IDENTITY[sdk=iphoneos*]" = "iPhone Developer";
				COPY_PHASE_STRIP = NO;
				DEBUG_INFORMATION_FORMAT = dwarf;
				ENABLE_STRICT_OBJC_MSGSEND = YES;
				ENABLE_TESTABILITY = YES;
				GCC_C_LANGUAGE_STANDARD = gnu99;
				GCC_DYNAMIC_NO_PIC = NO;
				GCC_NO_COMMON_BLOCKS = YES;
				GCC_OPTIMIZATION_LEVEL = 0;
				GCC_PREPROCESSOR_DEFINITIONS = (
					"DEBUG=1",
					"$(inherited)",
				);
				GCC_WARN_64_TO_32_BIT_CONVERSION = YES;
				GCC_WARN_ABOUT_RETURN_TYPE = YES_ERROR;
				GCC_WARN_UNDECLARED_SELECTOR = YES;
				GCC_WARN_UNINITIALIZED_AUTOS = YES_AGGRESSIVE;
				GCC_WARN_UNUSED_FUNCTION = YES;
				GCC_WARN_UNUSED_VARIABLE = YES;
				IPHONEOS_DEPLOYMENT_TARGET = 9.3;
				MTL_ENABLE_DEBUG_INFO = YES;
				ONLY_ACTIVE_ARCH = YES;
				SDKROOT = iphoneos;
				SWIFT_OPTIMIZATION_LEVEL = "-Onone";
			};
			name = Debug;
		};
		76CDC0141CB3F41900360A60 /* Release */ = {
			isa = XCBuildConfiguration;
			buildSettings = {
				ALWAYS_SEARCH_USER_PATHS = NO;
				CLANG_ANALYZER_NONNULL = YES;
				CLANG_CXX_LANGUAGE_STANDARD = "gnu++0x";
				CLANG_CXX_LIBRARY = "libc++";
				CLANG_ENABLE_MODULES = YES;
				CLANG_ENABLE_OBJC_ARC = YES;
				CLANG_WARN_BOOL_CONVERSION = YES;
				CLANG_WARN_CONSTANT_CONVERSION = YES;
				CLANG_WARN_DIRECT_OBJC_ISA_USAGE = YES_ERROR;
				CLANG_WARN_EMPTY_BODY = YES;
				CLANG_WARN_ENUM_CONVERSION = YES;
				CLANG_WARN_INT_CONVERSION = YES;
				CLANG_WARN_OBJC_ROOT_CLASS = YES_ERROR;
				CLANG_WARN_UNREACHABLE_CODE = YES;
				CLANG_WARN__DUPLICATE_METHOD_MATCH = YES;
				"CODE_SIGN_IDENTITY[sdk=iphoneos*]" = "iPhone Developer";
				COPY_PHASE_STRIP = NO;
				DEBUG_INFORMATION_FORMAT = "dwarf-with-dsym";
				ENABLE_NS_ASSERTIONS = NO;
				ENABLE_STRICT_OBJC_MSGSEND = YES;
				GCC_C_LANGUAGE_STANDARD = gnu99;
				GCC_NO_COMMON_BLOCKS = YES;
				GCC_WARN_64_TO_32_BIT_CONVERSION = YES;
				GCC_WARN_ABOUT_RETURN_TYPE = YES_ERROR;
				GCC_WARN_UNDECLARED_SELECTOR = YES;
				GCC_WARN_UNINITIALIZED_AUTOS = YES_AGGRESSIVE;
				GCC_WARN_UNUSED_FUNCTION = YES;
				GCC_WARN_UNUSED_VARIABLE = YES;
				IPHONEOS_DEPLOYMENT_TARGET = 9.3;
				MTL_ENABLE_DEBUG_INFO = NO;
				SDKROOT = iphoneos;
				VALIDATE_PRODUCT = YES;
			};
			name = Release;
		};
		76CDC0161CB3F41900360A60 /* Debug */ = {
			isa = XCBuildConfiguration;
			buildSettings = {
				ASSETCATALOG_COMPILER_APPICON_NAME = AppIcon;
				INFOPLIST_FILE = "Project 5/Info.plist";
				LD_RUNPATH_SEARCH_PATHS = "$(inherited) @executable_path/Frameworks";
				PRODUCT_BUNDLE_IDENTIFIER = "ryanbeckett.co.uk.Project-5";
				PRODUCT_NAME = "$(TARGET_NAME)";
			};
			name = Debug;
		};
		76CDC0171CB3F41900360A60 /* Release */ = {
			isa = XCBuildConfiguration;
			buildSettings = {
				ASSETCATALOG_COMPILER_APPICON_NAME = AppIcon;
				INFOPLIST_FILE = "Project 5/Info.plist";
				LD_RUNPATH_SEARCH_PATHS = "$(inherited) @executable_path/Frameworks";
				PRODUCT_BUNDLE_IDENTIFIER = "ryanbeckett.co.uk.Project-5";
				PRODUCT_NAME = "$(TARGET_NAME)";
			};
			name = Release;
		};
/* End XCBuildConfiguration section */

/* Begin XCConfigurationList section */
		76CDBFFE1CB3F41900360A60 /* Build configuration list for PBXProject "Project 5" */ = {
			isa = XCConfigurationList;
			buildConfigurations = (
				76CDC0131CB3F41900360A60 /* Debug */,
				76CDC0141CB3F41900360A60 /* Release */,
			);
			defaultConfigurationIsVisible = 0;
			defaultConfigurationName = Release;
		};
		76CDC0151CB3F41900360A60 /* Build configuration list for PBXNativeTarget "Project 5" */ = {
			isa = XCConfigurationList;
			buildConfigurations = (
				76CDC0161CB3F41900360A60 /* Debug */,
				76CDC0171CB3F41900360A60 /* Release */,
			);
			defaultConfigurationIsVisible = 0;
		};
/* End XCConfigurationList section */
	};
	rootObject = 76CDBFFB1CB3F41900360A60 /* Project object */;
}
