// !$*UTF8*$!
{
	archiveVersion = 1;
	classes = {
	};
	objectVersion = 46;
	objects = {

/* Begin PBXBuildFile section */
		76E75EC41CB9499A00934404 /* AppDelegate.swift in Sources */ = {isa = PBXBuildFile; fileRef = 76E75EC31CB9499A00934404 /* AppDelegate.swift */; };
		76E75EC61CB9499A00934404 /* ViewController.swift in Sources */ = {isa = PBXBuildFile; fileRef = 76E75EC51CB9499A00934404 /* ViewController.swift */; };
		76E75EC91CB9499A00934404 /* Main.storyboard in Resources */ = {isa = PBXBuildFile; fileRef = 76E75EC71CB9499A00934404 /* Main.storyboard */; };
		76E75ECB1CB9499A00934404 /* Assets.xcassets in Resources */ = {isa = PBXBuildFile; fileRef = 76E75ECA1CB9499A00934404 /* Assets.xcassets */; };
		76E75ECE1CB9499A00934404 /* LaunchScreen.storyboard in Resources */ = {isa = PBXBuildFile; fileRef = 76E75ECC1CB9499A00934404 /* LaunchScreen.storyboard */; };
/* End PBXBuildFile section */

/* Begin PBXFileReference section */
		76E75EC01CB9499A00934404 /* Project 6.app */ = {isa = PBXFileReference; explicitFileType = wrapper.application; includeInIndex = 0; path = "Project 6.app"; sourceTree = BUILT_PRODUCTS_DIR; };
		76E75EC31CB9499A00934404 /* AppDelegate.swift */ = {isa = PBXFileReference; lastKnownFileType = sourcecode.swift; path = AppDelegate.swift; sourceTree = "<group>"; };
		76E75EC51CB9499A00934404 /* ViewController.swift */ = {isa = PBXFileReference; lastKnownFileType = sourcecode.swift; path = ViewController.swift; sourceTree = "<group>"; };
		76E75EC81CB9499A00934404 /* Base */ = {isa = PBXFileReference; lastKnownFileType = file.storyboard; name = Base; path = Base.lproj/Main.storyboard; sourceTree = "<group>"; };
		76E75ECA1CB9499A00934404 /* Assets.xcassets */ = {isa = PBXFileReference; lastKnownFileType = folder.assetcatalog; path = Assets.xcassets; sourceTree = "<group>"; };
		76E75ECD1CB9499A00934404 /* Base */ = {isa = PBXFileReference; lastKnownFileType = file.storyboard; name = Base; path = Base.lproj/LaunchScreen.storyboard; sourceTree = "<group>"; };
		76E75ECF1CB9499A00934404 /* Info.plist */ = {isa = PBXFileReference; lastKnownFileType = text.plist.xml; path = Info.plist; sourceTree = "<group>"; };
/* End PBXFileReference section */

/* Begin PBXFrameworksBuildPhase section */
		76E75EBD1CB9499A00934404 /* Frameworks */ = {
			isa = PBXFrameworksBuildPhase;
			buildActionMask = 2147483647;
			files = (
			);
			runOnlyForDeploymentPostprocessing = 0;
		};
/* End PBXFrameworksBuildPhase section */

/* Begin PBXGroup section */
		76E75EB71CB9499A00934404 = {
			isa = PBXGroup;
			children = (
				76E75EC21CB9499A00934404 /* Project 6 */,
				76E75EC11CB9499A00934404 /* Products */,
			);
			sourceTree = "<group>";
		};
		76E75EC11CB9499A00934404 /* Products */ = {
			isa = PBXGroup;
			children = (
				76E75EC01CB9499A00934404 /* Project 6.app */,
			);
			name = Products;
			sourceTree = "<group>";
		};
		76E75EC21CB9499A00934404 /* Project 6 */ = {
			isa = PBXGroup;
			children = (
				76E75EC31CB9499A00934404 /* AppDelegate.swift */,
				76E75EC51CB9499A00934404 /* ViewController.swift */,
				76E75EC71CB9499A00934404 /* Main.storyboard */,
				76E75ECA1CB9499A00934404 /* Assets.xcassets */,
				76E75ECC1CB9499A00934404 /* LaunchScreen.storyboard */,
				76E75ECF1CB9499A00934404 /* Info.plist */,
			);
			path = "Project 6";
			sourceTree = "<group>";
		};
/* End PBXGroup section */

/* Begin PBXNativeTarget section */
		76E75EBF1CB9499A00934404 /* Project 6 */ = {
			isa = PBXNativeTarget;
			buildConfigurationList = 76E75ED21CB9499A00934404 /* Build configuration list for PBXNativeTarget "Project 6" */;
			buildPhases = (
				76E75EBC1CB9499A00934404 /* Sources */,
				76E75EBD1CB9499A00934404 /* Frameworks */,
				76E75EBE1CB9499A00934404 /* Resources */,
			);
			buildRules = (
			);
			dependencies = (
			);
			name = "Project 6";
			productName = "Project 6";
			productReference = 76E75EC01CB9499A00934404 /* Project 6.app */;
			productType = "com.apple.product-type.application";
		};
/* End PBXNativeTarget section */

/* Begin PBXProject section */
		76E75EB81CB9499A00934404 /* Project object */ = {
			isa = PBXProject;
			attributes = {
				LastSwiftUpdateCheck = 0730;
				LastUpgradeCheck = 0730;
				ORGANIZATIONNAME = "Ryan Beckett";
				TargetAttributes = {
					76E75EBF1CB9499A00934404 = {
						CreatedOnToolsVersion = 7.3;
					};
				};
			};
			buildConfigurationList = 76E75EBB1CB9499A00934404 /* Build configuration list for PBXProject "Project 6" */;
			compatibilityVersion = "Xcode 3.2";
			developmentRegion = English;
			hasScannedForEncodings = 0;
			knownRegions = (
				en,
				Base,
			);
			mainGroup = 76E75EB71CB9499A00934404;
			productRefGroup = 76E75EC11CB9499A00934404 /* Products */;
			projectDirPath = "";
			projectRoot = "";
			targets = (
				76E75EBF1CB9499A00934404 /* Project 6 */,
			);
		};
/* End PBXProject section */

/* Begin PBXResourcesBuildPhase section */
		76E75EBE1CB9499A00934404 /* Resources */ = {
			isa = PBXResourcesBuildPhase;
			buildActionMask = 2147483647;
			files = (
				76E75ECE1CB9499A00934404 /* LaunchScreen.storyboard in Resources */,
				76E75ECB1CB9499A00934404 /* Assets.xcassets in Resources */,
				76E75EC91CB9499A00934404 /* Main.storyboard in Resources */,
			);
			runOnlyForDeploymentPostprocessing = 0;
		};
/* End PBXResourcesBuildPhase section */

/* Begin PBXSourcesBuildPhase section */
		76E75EBC1CB9499A00934404 /* Sources */ = {
			isa = PBXSourcesBuildPhase;
			buildActionMask = 2147483647;
			files = (
				76E75EC61CB9499A00934404 /* ViewController.swift in Sources */,
				76E75EC41CB9499A00934404 /* AppDelegate.swift in Sources */,
			);
			runOnlyForDeploymentPostprocessing = 0;
		};
/* End PBXSourcesBuildPhase section */

/* Begin PBXVariantGroup section */
		76E75EC71CB9499A00934404 /* Main.storyboard */ = {
			isa = PBXVariantGroup;
			children = (
				76E75EC81CB9499A00934404 /* Base */,
			);
			name = Main.storyboard;
			sourceTree = "<group>";
		};
		76E75ECC1CB9499A00934404 /* LaunchScreen.storyboard */ = {
			isa = PBXVariantGroup;
			children = (
				76E75ECD1CB9499A00934404 /* Base */,
			);
			name = LaunchScreen.storyboard;
			sourceTree = "<group>";
		};
/* End PBXVariantGroup section */

/* Begin XCBuildConfiguration section */
		76E75ED01CB9499A00934404 /* Debug */ = {
			isa = XCBuildConfiguration;
			buildSettings = {
				ALWAYS_SEARCH_USER_PATHS = NO;
				CLANG_ANALYZER_NONNULL = YES;
				CLANG_CXX_LANGUAGE_STANDARD = "gnu++0x";
				CLANG_CXX_LIBRARY = "libc++";
				CLANG_ENABLE_MODULES = YES;
				CLANG_ENABLE_OBJC_ARC = YES;
				CLANG_WARN_BOOL_CONVERSION = YES;
				CLANG_WARN_CONSTANT_CONVERSION = YES;
				CLANG_WARN_DIRECT_OBJC_ISA_USAGE = YES_ERROR;
				CLANG_WARN_EMPTY_BODY = YES;
				CLANG_WARN_ENUM_CONVERSION = YES;
				CLANG_WARN_INT_CONVERSION = YES;
				CLANG_WARN_OBJC_ROOT_CLASS = YES_ERROR;
				CLANG_WARN_UNREACHABLE_CODE = YES;
				CLANG_WARN__DUPLICATE_METHOD_MATCH = YES;
				"CODE_SIGN_IDENTITY[sdk=iphoneos*]" = "iPhone Developer";
				COPY_PHASE_STRIP = NO;
				DEBUG_INFORMATION_FORMAT = dwarf;
				ENABLE_STRICT_OBJC_MSGSEND = YES;
				ENABLE_TESTABILITY = YES;
				GCC_C_LANGUAGE_STANDARD = gnu99;
				GCC_DYNAMIC_NO_PIC = NO;
				GCC_NO_COMMON_BLOCKS = YES;
				GCC_OPTIMIZATION_LEVEL = 0;
				GCC_PREPROCESSOR_DEFINITIONS = (
					"DEBUG=1",
					"$(inherited)",
				);
				GCC_WARN_64_TO_32_BIT_CONVERSION = YES;
				GCC_WARN_ABOUT_RETURN_TYPE = YES_ERROR;
				GCC_WARN_UNDECLARED_SELECTOR = YES;
				GCC_WARN_UNINITIALIZED_AUTOS = YES_AGGRESSIVE;
				GCC_WARN_UNUSED_FUNCTION = YES;
				GCC_WARN_UNUSED_VARIABLE = YES;
				IPHONEOS_DEPLOYMENT_TARGET = 9.3;
				MTL_ENABLE_DEBUG_INFO = YES;
				ONLY_ACTIVE_ARCH = YES;
				SDKROOT = iphoneos;
				SWIFT_OPTIMIZATION_LEVEL = "-Onone";
			};
			name = Debug;
		};
		76E75ED11CB9499A00934404 /* Release */ = {
			isa = XCBuildConfiguration;
			buildSettings = {
				ALWAYS_SEARCH_USER_PATHS = NO;
				CLANG_ANALYZER_NONNULL = YES;
				CLANG_CXX_LANGUAGE_STANDARD = "gnu++0x";
				CLANG_CXX_LIBRARY = "libc++";
				CLANG_ENABLE_MODULES = YES;
				CLANG_ENABLE_OBJC_ARC = YES;
				CLANG_WARN_BOOL_CONVERSION = YES;
				CLANG_WARN_CONSTANT_CONVERSION = YES;
				CLANG_WARN_DIRECT_OBJC_ISA_USAGE = YES_ERROR;
				CLANG_WARN_EMPTY_BODY = YES;
				CLANG_WARN_ENUM_CONVERSION = YES;
				CLANG_WARN_INT_CONVERSION = YES;
				CLANG_WARN_OBJC_ROOT_CLASS = YES_ERROR;
				CLANG_WARN_UNREACHABLE_CODE = YES;
				CLANG_WARN__DUPLICATE_METHOD_MATCH = YES;
				"CODE_SIGN_IDENTITY[sdk=iphoneos*]" = "iPhone Developer";
				COPY_PHASE_STRIP = NO;
				DEBUG_INFORMATION_FORMAT = "dwarf-with-dsym";
				ENABLE_NS_ASSERTIONS = NO;
				ENABLE_STRICT_OBJC_MSGSEND = YES;
				GCC_C_LANGUAGE_STANDARD = gnu99;
				GCC_NO_COMMON_BLOCKS = YES;
				GCC_WARN_64_TO_32_BIT_CONVERSION = YES;
				GCC_WARN_ABOUT_RETURN_TYPE = YES_ERROR;
				GCC_WARN_UNDECLARED_SELECTOR = YES;
				GCC_WARN_UNINITIALIZED_AUTOS = YES_AGGRESSIVE;
				GCC_WARN_UNUSED_FUNCTION = YES;
				GCC_WARN_UNUSED_VARIABLE = YES;
				IPHONEOS_DEPLOYMENT_TARGET = 9.3;
				MTL_ENABLE_DEBUG_INFO = NO;
				SDKROOT = iphoneos;
				VALIDATE_PRODUCT = YES;
			};
			name = Release;
		};
		76E75ED31CB9499A00934404 /* Debug */ = {
			isa = XCBuildConfiguration;
			buildSettings = {
				ASSETCATALOG_COMPILER_APPICON_NAME = AppIcon;
				INFOPLIST_FILE = "Project 6/Info.plist";
				LD_RUNPATH_SEARCH_PATHS = "$(inherited) @executable_path/Frameworks";
				PRODUCT_BUNDLE_IDENTIFIER = "ryanbeckett.co.uk.Project-6";
				PRODUCT_NAME = "$(TARGET_NAME)";
			};
			name = Debug;
		};
		76E75ED41CB9499A00934404 /* Release */ = {
			isa = XCBuildConfiguration;
			buildSettings = {
				ASSETCATALOG_COMPILER_APPICON_NAME = AppIcon;
				INFOPLIST_FILE = "Project 6/Info.plist";
				LD_RUNPATH_SEARCH_PATHS = "$(inherited) @executable_path/Frameworks";
				PRODUCT_BUNDLE_IDENTIFIER = "ryanbeckett.co.uk.Project-6";
				PRODUCT_NAME = "$(TARGET_NAME)";
			};
			name = Release;
		};
/* End XCBuildConfiguration section */

/* Begin XCConfigurationList section */
		76E75EBB1CB9499A00934404 /* Build configuration list for PBXProject "Project 6" */ = {
			isa = XCConfigurationList;
			buildConfigurations = (
				76E75ED01CB9499A00934404 /* Debug */,
				76E75ED11CB9499A00934404 /* Release */,
			);
			defaultConfigurationIsVisible = 0;
			defaultConfigurationName = Release;
		};
		76E75ED21CB9499A00934404 /* Build configuration list for PBXNativeTarget "Project 6" */ = {
			isa = XCConfigurationList;
			buildConfigurations = (
				76E75ED31CB9499A00934404 /* Debug */,
				76E75ED41CB9499A00934404 /* Release */,
			);
			defaultConfigurationIsVisible = 0;
		};
/* End XCConfigurationList section */
	};
	rootObject = 76E75EB81CB9499A00934404 /* Project object */;
}
