// !$*UTF8*$!
{
	archiveVersion = 1;
	classes = {
	};
	objectVersion = 46;
	objects = {

/* Begin PBXBuildFile section */
		7610DD721CECC3AA0087FF0D /* AppDelegate.swift in Sources */ = {isa = PBXBuildFile; fileRef = 7610DD711CECC3AA0087FF0D /* AppDelegate.swift */; };
		7610DD791CECC3AA0087FF0D /* Assets.xcassets in Resources */ = {isa = PBXBuildFile; fileRef = 7610DD781CECC3AA0087FF0D /* Assets.xcassets */; };
		7610DD7C1CECC3AA0087FF0D /* LaunchScreen.storyboard in Resources */ = {isa = PBXBuildFile; fileRef = 7610DD7A1CECC3AA0087FF0D /* LaunchScreen.storyboard */; };
		7610DD841CEECE780087FF0D /* ContactsTableViewController.swift in Sources */ = {isa = PBXBuildFile; fileRef = 7610DD831CEECE770087FF0D /* ContactsTableViewController.swift */; };
		7644B9221CEED34B00A1C1A7 /* DataTableViewCell.swift in Sources */ = {isa = PBXBuildFile; fileRef = 7644B9211CEED34B00A1C1A7 /* DataTableViewCell.swift */; };
		7692498D1CF2036A005F32C1 /* UIImageViewExtensions.swift in Sources */ = {isa = PBXBuildFile; fileRef = 7692498C1CF2036A005F32C1 /* UIImageViewExtensions.swift */; };
		76BEEC771CEFD1E000231E39 /* TitleTableViewCell.swift in Sources */ = {isa = PBXBuildFile; fileRef = 76BEEC761CEFD1E000231E39 /* TitleTableViewCell.swift */; };
		76BEEC971CF1E92C00231E39 /* AddContactViewController.swift in Sources */ = {isa = PBXBuildFile; fileRef = 76BEEC961CF1E92C00231E39 /* AddContactViewController.swift */; };
		76E94C6B1CEF13BD004A073F /* User.swift in Sources */ = {isa = PBXBuildFile; fileRef = 76E94C6A1CEF13BD004A073F /* User.swift */; };
		76E94C6D1CEF2B66004A073F /* InfoViewController.swift in Sources */ = {isa = PBXBuildFile; fileRef = 76E94C6C1CEF2B66004A073F /* InfoViewController.swift */; };
		76E94C701CEF30B8004A073F /* Main.storyboard in Resources */ = {isa = PBXBuildFile; fileRef = 76E94C6E1CEF30B8004A073F /* Main.storyboard */; };
/* End PBXBuildFile section */

/* Begin PBXFileReference section */
		7610DD6E1CECC3AA0087FF0D /* Project 15, 16, 17 & 18.app */ = {isa = PBXFileReference; explicitFileType = wrapper.application; includeInIndex = 0; path = "Project 15, 16, 17 & 18.app"; sourceTree = BUILT_PRODUCTS_DIR; };
		7610DD711CECC3AA0087FF0D /* AppDelegate.swift */ = {isa = PBXFileReference; lastKnownFileType = sourcecode.swift; path = AppDelegate.swift; sourceTree = "<group>"; };
		7610DD781CECC3AA0087FF0D /* Assets.xcassets */ = {isa = PBXFileReference; lastKnownFileType = folder.assetcatalog; path = Assets.xcassets; sourceTree = "<group>"; };
		7610DD7B1CECC3AA0087FF0D /* Base */ = {isa = PBXFileReference; lastKnownFileType = file.storyboard; name = Base; path = Base.lproj/LaunchScreen.storyboard; sourceTree = "<group>"; };
		7610DD7D1CECC3AA0087FF0D /* Info.plist */ = {isa = PBXFileReference; lastKnownFileType = text.plist.xml; path = Info.plist; sourceTree = "<group>"; };
		7610DD831CEECE770087FF0D /* ContactsTableViewController.swift */ = {isa = PBXFileReference; fileEncoding = 4; lastKnownFileType = sourcecode.swift; path = ContactsTableViewController.swift; sourceTree = "<group>"; };
		7644B9211CEED34B00A1C1A7 /* DataTableViewCell.swift */ = {isa = PBXFileReference; fileEncoding = 4; lastKnownFileType = sourcecode.swift; path = DataTableViewCell.swift; sourceTree = "<group>"; };
		7692498C1CF2036A005F32C1 /* UIImageViewExtensions.swift */ = {isa = PBXFileReference; fileEncoding = 4; lastKnownFileType = sourcecode.swift; path = UIImageViewExtensions.swift; sourceTree = "<group>"; };
		76BEEC761CEFD1E000231E39 /* TitleTableViewCell.swift */ = {isa = PBXFileReference; fileEncoding = 4; lastKnownFileType = sourcecode.swift; path = TitleTableViewCell.swift; sourceTree = "<group>"; };
		76BEEC961CF1E92C00231E39 /* AddContactViewController.swift */ = {isa = PBXFileReference; fileEncoding = 4; lastKnownFileType = sourcecode.swift; path = AddContactViewController.swift; sourceTree = "<group>"; };
		76E94C6A1CEF13BD004A073F /* User.swift */ = {isa = PBXFileReference; fileEncoding = 4; lastKnownFileType = sourcecode.swift; path = User.swift; sourceTree = "<group>"; };
		76E94C6C1CEF2B66004A073F /* InfoViewController.swift */ = {isa = PBXFileReference; fileEncoding = 4; lastKnownFileType = sourcecode.swift; path = InfoViewController.swift; sourceTree = "<group>"; };
		76E94C6F1CEF30B8004A073F /* Base */ = {isa = PBXFileReference; lastKnownFileType = file.storyboard; name = Base; path = Base.lproj/Main.storyboard; sourceTree = "<group>"; };
		AF46189146BFCB2534F94798 /* Pods_Project_15__16__17___18.framework */ = {isa = PBXFileReference; explicitFileType = wrapper.framework; includeInIndex = 0; path = "Pods_Project_15__16__17___18.framework"; sourceTree = BUILT_PRODUCTS_DIR; };
		E0A76DC0208ACA43848ED57A /* Pods-Project 15, 16, 17 & 18.debug.xcconfig */ = {isa = PBXFileReference; includeInIndex = 1; lastKnownFileType = text.xcconfig; name = "Pods-Project 15, 16, 17 & 18.debug.xcconfig"; path = "Pods/Target Support Files/Pods-Project 15, 16, 17 & 18/Pods-Project 15, 16, 17 & 18.debug.xcconfig"; sourceTree = "<group>"; };
		FCDE4964F0233B58242BDBFA /* Pods-Project 15, 16, 17 & 18.release.xcconfig */ = {isa = PBXFileReference; includeInIndex = 1; lastKnownFileType = text.xcconfig; name = "Pods-Project 15, 16, 17 & 18.release.xcconfig"; path = "Pods/Target Support Files/Pods-Project 15, 16, 17 & 18/Pods-Project 15, 16, 17 & 18.release.xcconfig"; sourceTree = "<group>"; };
/* End PBXFileReference section */

/* Begin PBXFrameworksBuildPhase section */
		7610DD6B1CECC3AA0087FF0D /* Frameworks */ = {
			isa = PBXFrameworksBuildPhase;
			buildActionMask = 2147483647;
			files = (
			);
			runOnlyForDeploymentPostprocessing = 0;
		};
/* End PBXFrameworksBuildPhase section */

/* Begin PBXGroup section */
		714BFE8BE1F14FA6D62148CA /* Frameworks */ = {
			isa = PBXGroup;
			children = (
				AF46189146BFCB2534F94798 /* Pods_Project_15__16__17___18.framework */,
			);
			name = Frameworks;
			sourceTree = "<group>";
		};
		7610DD651CECC3AA0087FF0D = {
			isa = PBXGroup;
			children = (
				7610DD701CECC3AA0087FF0D /* Project 15, 16, 17 & 18 */,
				7610DD6F1CECC3AA0087FF0D /* Products */,
				B9F18FAA21D977EBBEBFD87E /* Pods */,
				714BFE8BE1F14FA6D62148CA /* Frameworks */,
			);
			sourceTree = "<group>";
		};
		7610DD6F1CECC3AA0087FF0D /* Products */ = {
			isa = PBXGroup;
			children = (
				7610DD6E1CECC3AA0087FF0D /* Project 15, 16, 17 & 18.app */,
			);
			name = Products;
			sourceTree = "<group>";
		};
		7610DD701CECC3AA0087FF0D /* Project 15, 16, 17 & 18 */ = {
			isa = PBXGroup;
			children = (
				7610DD711CECC3AA0087FF0D /* AppDelegate.swift */,
				76E94C6E1CEF30B8004A073F /* Main.storyboard */,
				76BEEC961CF1E92C00231E39 /* AddContactViewController.swift */,
				76E94C6C1CEF2B66004A073F /* InfoViewController.swift */,
				7610DD831CEECE770087FF0D /* ContactsTableViewController.swift */,
				76E94C6A1CEF13BD004A073F /* User.swift */,
				7644B9211CEED34B00A1C1A7 /* DataTableViewCell.swift */,
				7692498C1CF2036A005F32C1 /* UIImageViewExtensions.swift */,
				76BEEC761CEFD1E000231E39 /* TitleTableViewCell.swift */,
				7610DD781CECC3AA0087FF0D /* Assets.xcassets */,
				7610DD7A1CECC3AA0087FF0D /* LaunchScreen.storyboard */,
				7610DD7D1CECC3AA0087FF0D /* Info.plist */,
			);
			path = "Project 15, 16, 17 & 18";
			sourceTree = "<group>";
		};
		B9F18FAA21D977EBBEBFD87E /* Pods */ = {
			isa = PBXGroup;
			children = (
				E0A76DC0208ACA43848ED57A /* Pods-Project 15, 16, 17 & 18.debug.xcconfig */,
				FCDE4964F0233B58242BDBFA /* Pods-Project 15, 16, 17 & 18.release.xcconfig */,
			);
			name = Pods;
			sourceTree = "<group>";
		};
/* End PBXGroup section */

/* Begin PBXNativeTarget section */
		7610DD6D1CECC3AA0087FF0D /* Project 15, 16, 17 & 18 */ = {
			isa = PBXNativeTarget;
			buildConfigurationList = 7610DD801CECC3AA0087FF0D /* Build configuration list for PBXNativeTarget "Project 15, 16, 17 & 18" */;
			buildPhases = (
				7610DD6A1CECC3AA0087FF0D /* Sources */,
				7610DD6B1CECC3AA0087FF0D /* Frameworks */,
				7610DD6C1CECC3AA0087FF0D /* Resources */,
			);
			buildRules = (
			);
			dependencies = (
			);
			name = "Project 15, 16, 17 & 18";
			productName = "Project 15, 16, 17 & 18";
			productReference = 7610DD6E1CECC3AA0087FF0D /* Project 15, 16, 17 & 18.app */;
			productType = "com.apple.product-type.application";
		};
/* End PBXNativeTarget section */

/* Begin PBXProject section */
		7610DD661CECC3AA0087FF0D /* Project object */ = {
			isa = PBXProject;
			attributes = {
				LastSwiftUpdateCheck = 0730;
				LastUpgradeCheck = 0730;
				ORGANIZATIONNAME = "Ryan Beckett";
				TargetAttributes = {
					7610DD6D1CECC3AA0087FF0D = {
						CreatedOnToolsVersion = 7.3.1;
					};
				};
			};
			buildConfigurationList = 7610DD691CECC3AA0087FF0D /* Build configuration list for PBXProject "Project 15, 16, 17 & 18" */;
			compatibilityVersion = "Xcode 3.2";
			developmentRegion = English;
			hasScannedForEncodings = 0;
			knownRegions = (
				en,
				Base,
			);
			mainGroup = 7610DD651CECC3AA0087FF0D;
			productRefGroup = 7610DD6F1CECC3AA0087FF0D /* Products */;
			projectDirPath = "";
			projectRoot = "";
			targets = (
				7610DD6D1CECC3AA0087FF0D /* Project 15, 16, 17 & 18 */,
			);
		};
/* End PBXProject section */

/* Begin PBXResourcesBuildPhase section */
		7610DD6C1CECC3AA0087FF0D /* Resources */ = {
			isa = PBXResourcesBuildPhase;
			buildActionMask = 2147483647;
			files = (
				76E94C701CEF30B8004A073F /* Main.storyboard in Resources */,
				7610DD7C1CECC3AA0087FF0D /* LaunchScreen.storyboard in Resources */,
				7610DD791CECC3AA0087FF0D /* Assets.xcassets in Resources */,
			);
			runOnlyForDeploymentPostprocessing = 0;
		};
/* End PBXResourcesBuildPhase section */

/* Begin PBXSourcesBuildPhase section */
		7610DD6A1CECC3AA0087FF0D /* Sources */ = {
			isa = PBXSourcesBuildPhase;
			buildActionMask = 2147483647;
			files = (
				76BEEC771CEFD1E000231E39 /* TitleTableViewCell.swift in Sources */,
				7610DD721CECC3AA0087FF0D /* AppDelegate.swift in Sources */,
				7644B9221CEED34B00A1C1A7 /* DataTableViewCell.swift in Sources */,
				7692498D1CF2036A005F32C1 /* UIImageViewExtensions.swift in Sources */,
				7610DD841CEECE780087FF0D /* ContactsTableViewController.swift in Sources */,
				76BEEC971CF1E92C00231E39 /* AddContactViewController.swift in Sources */,
				76E94C6B1CEF13BD004A073F /* User.swift in Sources */,
				76E94C6D1CEF2B66004A073F /* InfoViewController.swift in Sources */,
			);
			runOnlyForDeploymentPostprocessing = 0;
		};
/* End PBXSourcesBuildPhase section */

/* Begin PBXVariantGroup section */
		7610DD7A1CECC3AA0087FF0D /* LaunchScreen.storyboard */ = {
			isa = PBXVariantGroup;
			children = (
				7610DD7B1CECC3AA0087FF0D /* Base */,
			);
			name = LaunchScreen.storyboard;
			sourceTree = "<group>";
		};
		76E94C6E1CEF30B8004A073F /* Main.storyboard */ = {
			isa = PBXVariantGroup;
			children = (
				76E94C6F1CEF30B8004A073F /* Base */,
			);
			name = Main.storyboard;
			sourceTree = "<group>";
		};
/* End PBXVariantGroup section */

/* Begin XCBuildConfiguration section */
		7610DD7F1CECC3AA0087FF0D /* Release */ = {
			isa = XCBuildConfiguration;
			buildSettings = {
				ALWAYS_SEARCH_USER_PATHS = NO;
				CLANG_ANALYZER_NONNULL = YES;
				CLANG_CXX_LANGUAGE_STANDARD = "gnu++0x";
				CLANG_CXX_LIBRARY = "libc++";
				CLANG_ENABLE_MODULES = YES;
				CLANG_ENABLE_OBJC_ARC = YES;
				CLANG_WARN_BOOL_CONVERSION = YES;
				CLANG_WARN_CONSTANT_CONVERSION = YES;
				CLANG_WARN_DIRECT_OBJC_ISA_USAGE = YES_ERROR;
				CLANG_WARN_EMPTY_BODY = YES;
				CLANG_WARN_ENUM_CONVERSION = YES;
				CLANG_WARN_INT_CONVERSION = YES;
				CLANG_WARN_OBJC_ROOT_CLASS = YES_ERROR;
				CLANG_WARN_UNREACHABLE_CODE = YES;
				CLANG_WARN__DUPLICATE_METHOD_MATCH = YES;
				"CODE_SIGN_IDENTITY[sdk=iphoneos*]" = "iPhone Developer";
				COPY_PHASE_STRIP = NO;
				DEBUG_INFORMATION_FORMAT = "dwarf-with-dsym";
				ENABLE_BITCODE = YES;
				ENABLE_NS_ASSERTIONS = NO;
				ENABLE_STRICT_OBJC_MSGSEND = YES;
				GCC_C_LANGUAGE_STANDARD = gnu99;
				GCC_NO_COMMON_BLOCKS = YES;
				GCC_WARN_64_TO_32_BIT_CONVERSION = YES;
				GCC_WARN_ABOUT_RETURN_TYPE = YES_ERROR;
				GCC_WARN_UNDECLARED_SELECTOR = YES;
				GCC_WARN_UNINITIALIZED_AUTOS = YES_AGGRESSIVE;
				GCC_WARN_UNUSED_FUNCTION = YES;
				GCC_WARN_UNUSED_VARIABLE = YES;
				IPHONEOS_DEPLOYMENT_TARGET = 9.3;
				MTL_ENABLE_DEBUG_INFO = NO;
				SDKROOT = iphoneos;
				VALIDATE_PRODUCT = YES;
			};
			name = Release;
		};
		7610DD821CECC3AA0087FF0D /* Release */ = {
			isa = XCBuildConfiguration;
			buildSettings = {
				ASSETCATALOG_COMPILER_APPICON_NAME = AppIcon;
				ENABLE_BITCODE = YES;
				INFOPLIST_FILE = "Project 15, 16, 17 & 18/Info.plist";
				LD_RUNPATH_SEARCH_PATHS = "$(inherited) @executable_path/Frameworks";
				PRODUCT_BUNDLE_IDENTIFIER = "ryanbeckett.co.uk.Project-15--16--17---18";
				PRODUCT_NAME = "$(TARGET_NAME)";
			};
			name = Release;
		};
/* End XCBuildConfiguration section */

/* Begin XCConfigurationList section */
		7610DD691CECC3AA0087FF0D /* Build configuration list for PBXProject "Project 15, 16, 17 & 18" */ = {
			isa = XCConfigurationList;
			buildConfigurations = (
				7610DD7F1CECC3AA0087FF0D /* Release */,
			);
			defaultConfigurationIsVisible = 0;
			defaultConfigurationName = Release;
		};
		7610DD801CECC3AA0087FF0D /* Build configuration list for PBXNativeTarget "Project 15, 16, 17 & 18" */ = {
			isa = XCConfigurationList;
			buildConfigurations = (
				7610DD821CECC3AA0087FF0D /* Release */,
			);
			defaultConfigurationIsVisible = 0;
			defaultConfigurationName = Release;
		};
/* End XCConfigurationList section */
	};
	rootObject = 7610DD661CECC3AA0087FF0D /* Project object */;
}
